{
  "name": "nameswaps",
  "version": "1.0.0",
  "lockfileVersion": 1,
  "requires": true,
  "dependencies": {
    "bcfg": {
      "version": "0.1.6",
      "resolved": "https://registry.npmjs.org/bcfg/-/bcfg-0.1.6.tgz",
      "integrity": "sha512-BR2vwQZwu24aRm588XHOnPVjjQtbK8sF0RopRFgMuke63/REJMWnePTa2YHKDBefuBYiVdgkowuB1/e4K7Ue3g==",
      "requires": {
        "bsert": "~0.0.10"
      },
      "dependencies": {
        "bsert": {
          "version": "0.0.10",
          "resolved": "https://registry.npmjs.org/bsert/-/bsert-0.0.10.tgz",
          "integrity": "sha512-NHNwlac+WPy4t2LoNh8pXk8uaIGH3NSaIUbTTRXGpE2WEbq0te/tDykYHkFK57YKLPjv/aGHmbqvnGeVWDz57Q=="
        }
      }
    },
    "bcrypto": {
      "version": "5.1.0",
      "resolved": "https://registry.npmjs.org/bcrypto/-/bcrypto-5.1.0.tgz",
      "integrity": "sha512-WEs5g7WHdEdLLcsvhE7Z1AXv0G+hb+bJhSUYM7samFNrH051XhcFVWxAbAZDmIU1HWjpjhmQ+HqBar7UC/qrzQ==",
      "requires": {
        "bufio": "~1.0.6",
        "loady": "~0.0.1"
      },
      "dependencies": {
        "bufio": {
          "version": "1.0.6",
          "resolved": "https://registry.npmjs.org/bufio/-/bufio-1.0.6.tgz",
          "integrity": "sha512-mjYZFRHmI9bk3Oeexu0rWjHFY+w6hGLabdmwSFzq+EFr4MHHsNOYduDVdYl71NG5pTPL7GGzUCMk9cYuV34/Qw=="
        }
      }
    },
    "bcurl": {
      "version": "0.1.6",
      "resolved": "https://registry.npmjs.org/bcurl/-/bcurl-0.1.6.tgz",
      "integrity": "sha512-noeDhfqFiUcNOUuZKErkXcbZfxBjn6duTfYPEfA4hAYXGr7gwVxkAWvIerxl3ZLLyn8jzh7Oi0nHlrLm1ST9Fw==",
      "requires": {
        "brq": "~0.1.7",
        "bsert": "~0.0.10",
        "bsock": "~0.1.8"
      }
    },
    "bdb": {
      "version": "1.2.1",
      "resolved": "https://registry.npmjs.org/bdb/-/bdb-1.2.1.tgz",
      "integrity": "sha512-YASfideX6vIxsfqbP5Ky2zTQn56lSMSJSL6F/pku6Nh2K2cyO6TvD6qUJ9BJRXVzsKhwWSA1omzPhIgV9q+YNg==",
      "requires": {
        "bsert": "~0.0.10",
        "loady": "~0.0.1"
      },
      "dependencies": {
        "bsert": {
          "version": "0.0.10",
          "resolved": "https://registry.npmjs.org/bsert/-/bsert-0.0.10.tgz",
          "integrity": "sha512-NHNwlac+WPy4t2LoNh8pXk8uaIGH3NSaIUbTTRXGpE2WEbq0te/tDykYHkFK57YKLPjv/aGHmbqvnGeVWDz57Q=="
        }
      }
    },
    "bdns": {
      "version": "0.1.5",
      "resolved": "https://registry.npmjs.org/bdns/-/bdns-0.1.5.tgz",
      "integrity": "sha512-LNVkfM7ynlAD0CvPvO9cKxW8YXt1KOCRQZlRsGZWeMyymUWVdHQpZudAzH9chaFAz6HiwAnQxwDemCKDPy6Mag==",
      "requires": {
        "bsert": "~0.0.10"
      },
      "dependencies": {
        "bsert": {
          "version": "0.0.10",
          "resolved": "https://registry.npmjs.org/bsert/-/bsert-0.0.10.tgz",
          "integrity": "sha512-NHNwlac+WPy4t2LoNh8pXk8uaIGH3NSaIUbTTRXGpE2WEbq0te/tDykYHkFK57YKLPjv/aGHmbqvnGeVWDz57Q=="
        }
      }
    },
    "bevent": {
      "version": "0.1.5",
      "resolved": "https://registry.npmjs.org/bevent/-/bevent-0.1.5.tgz",
      "integrity": "sha512-hs6T3BjndibrAmPSoKTHmKa3tz/c6Qgjv9iZw+tAoxuP6izfTCkzfltBQrW7SuK5xnY22gv9jCEf51+mRH+Qvg==",
      "requires": {
        "bsert": "~0.0.10"
      },
      "dependencies": {
        "bsert": {
          "version": "0.0.10",
          "resolved": "https://registry.npmjs.org/bsert/-/bsert-0.0.10.tgz",
          "integrity": "sha512-NHNwlac+WPy4t2LoNh8pXk8uaIGH3NSaIUbTTRXGpE2WEbq0te/tDykYHkFK57YKLPjv/aGHmbqvnGeVWDz57Q=="
        }
      }
    },
    "bfile": {
      "version": "0.2.2",
      "resolved": "https://registry.npmjs.org/bfile/-/bfile-0.2.2.tgz",
      "integrity": "sha512-X205SsJ7zFAnjeJ/pBLqDqF10x/4Su3pBy8UdVKw4hdGJk7t5pLoRi+uG4rPaDAClGbrEfT/06PGUbYiMYKzTg=="
    },
    "bfilter": {
      "version": "1.0.5",
      "resolved": "https://registry.npmjs.org/bfilter/-/bfilter-1.0.5.tgz",
      "integrity": "sha512-GupIidtCvLbKhXnA1sxvrwa+gh95qbjafy7P1U1x/2DHxNabXq4nGW0x3rmgzlJMYlVl+c8fMxoMRIwpKYlgcQ==",
      "requires": {
        "bsert": "~0.0.10",
        "bufio": "~1.0.6",
        "mrmr": "~0.1.6"
      },
      "dependencies": {
        "bsert": {
          "version": "0.0.10",
          "resolved": "https://registry.npmjs.org/bsert/-/bsert-0.0.10.tgz",
          "integrity": "sha512-NHNwlac+WPy4t2LoNh8pXk8uaIGH3NSaIUbTTRXGpE2WEbq0te/tDykYHkFK57YKLPjv/aGHmbqvnGeVWDz57Q=="
        },
        "bufio": {
          "version": "1.0.6",
          "resolved": "https://registry.npmjs.org/bufio/-/bufio-1.0.6.tgz",
          "integrity": "sha512-mjYZFRHmI9bk3Oeexu0rWjHFY+w6hGLabdmwSFzq+EFr4MHHsNOYduDVdYl71NG5pTPL7GGzUCMk9cYuV34/Qw=="
        }
      }
    },
    "bheep": {
      "version": "0.1.5",
      "resolved": "https://registry.npmjs.org/bheep/-/bheep-0.1.5.tgz",
      "integrity": "sha512-0KR5Zi8hgJBKL35+aYzndCTtgSGakOMxrYw2uszd5UmXTIfx3+drPGoETlVbQ6arTdAzSoQYA1j35vbaWpQXBg==",
      "requires": {
        "bsert": "~0.0.10"
      },
      "dependencies": {
        "bsert": {
          "version": "0.0.10",
          "resolved": "https://registry.npmjs.org/bsert/-/bsert-0.0.10.tgz",
          "integrity": "sha512-NHNwlac+WPy4t2LoNh8pXk8uaIGH3NSaIUbTTRXGpE2WEbq0te/tDykYHkFK57YKLPjv/aGHmbqvnGeVWDz57Q=="
        }
      }
    },
    "binet": {
      "version": "0.3.5",
      "resolved": "https://registry.npmjs.org/binet/-/binet-0.3.5.tgz",
      "integrity": "sha512-suogkqXrt63Z76ABvwJjI28w+LWrRE53nwItDPz1VwNjHEuh1+rxudGYtoewFmMhkJ9pW/VGGnjoxP+AGzHgLQ==",
      "requires": {
        "bs32": "~0.1.5",
        "bsert": "~0.0.10"
      },
      "dependencies": {
        "bsert": {
          "version": "0.0.10",
          "resolved": "https://registry.npmjs.org/bsert/-/bsert-0.0.10.tgz",
          "integrity": "sha512-NHNwlac+WPy4t2LoNh8pXk8uaIGH3NSaIUbTTRXGpE2WEbq0te/tDykYHkFK57YKLPjv/aGHmbqvnGeVWDz57Q=="
        }
      }
    },
    "blgr": {
      "version": "0.1.7",
      "resolved": "https://registry.npmjs.org/blgr/-/blgr-0.1.7.tgz",
      "integrity": "sha512-+jSaU2jnYqF+ec9e8nzjfjU7QhZIntkDNG8/AEwoxW7J3mmwvmUfAI5lm9BFYs1OzT+1UgIZTFHa2qWjTBURfw==",
      "requires": {
        "bsert": "~0.0.10"
      },
      "dependencies": {
        "bsert": {
          "version": "0.0.10",
          "resolved": "https://registry.npmjs.org/bsert/-/bsert-0.0.10.tgz",
          "integrity": "sha512-NHNwlac+WPy4t2LoNh8pXk8uaIGH3NSaIUbTTRXGpE2WEbq0te/tDykYHkFK57YKLPjv/aGHmbqvnGeVWDz57Q=="
        }
      }
    },
    "blru": {
      "version": "0.1.6",
      "resolved": "https://registry.npmjs.org/blru/-/blru-0.1.6.tgz",
      "integrity": "sha512-34+xZ2u4ys/aUzWCU9m6Eee4nVuN1ywdxbi8b3Z2WULU6qvnfeHvCWEdGzlVfRbbhimG2xxJX6R77GD2cuVO6w==",
      "requires": {
        "bsert": "~0.0.10"
      },
      "dependencies": {
        "bsert": {
          "version": "0.0.10",
          "resolved": "https://registry.npmjs.org/bsert/-/bsert-0.0.10.tgz",
          "integrity": "sha512-NHNwlac+WPy4t2LoNh8pXk8uaIGH3NSaIUbTTRXGpE2WEbq0te/tDykYHkFK57YKLPjv/aGHmbqvnGeVWDz57Q=="
        }
      }
    },
    "blst": {
      "version": "0.1.5",
      "resolved": "https://registry.npmjs.org/blst/-/blst-0.1.5.tgz",
      "integrity": "sha512-TPl04Cx3CHdPFAJ2x9Xx1Z1FOfpAzmNPfHkfo+pGAaNH4uLhS58ExvamVkZh3jadF+B7V5sMtqvrqdf9mHINYA==",
      "requires": {
        "bsert": "~0.0.10"
      },
      "dependencies": {
        "bsert": {
          "version": "0.0.10",
          "resolved": "https://registry.npmjs.org/bsert/-/bsert-0.0.10.tgz",
          "integrity": "sha512-NHNwlac+WPy4t2LoNh8pXk8uaIGH3NSaIUbTTRXGpE2WEbq0te/tDykYHkFK57YKLPjv/aGHmbqvnGeVWDz57Q=="
        }
      }
    },
    "bmocha": {
      "version": "git+https://github.com/bcoin-org/bmocha.git#b96f8d88205b9c96e33bce2f7df2a2bcad8a4087",
      "from": "git+https://github.com/bcoin-org/bmocha.git"
    },
    "bmutex": {
      "version": "0.1.6",
      "resolved": "https://registry.npmjs.org/bmutex/-/bmutex-0.1.6.tgz",
      "integrity": "sha512-nXWOXtQHbfPaMl6jyEF/rmRMrcemj2qn+OCAI/uZYurjfx7Dg3baoXdPzHOL0U8Cfvn8CWxKcnM/rgxL7DR4zw==",
      "requires": {
        "bsert": "~0.0.10"
      },
      "dependencies": {
        "bsert": {
          "version": "0.0.10",
          "resolved": "https://registry.npmjs.org/bsert/-/bsert-0.0.10.tgz",
          "integrity": "sha512-NHNwlac+WPy4t2LoNh8pXk8uaIGH3NSaIUbTTRXGpE2WEbq0te/tDykYHkFK57YKLPjv/aGHmbqvnGeVWDz57Q=="
        }
      }
    },
    "bns": {
      "version": "0.11.0",
      "resolved": "https://registry.npmjs.org/bns/-/bns-0.11.0.tgz",
      "integrity": "sha512-61FuOHkQ4EDFnYkNeLasnf4AAVr9N2DvGSCO95EK61lvUYmGQUCOVWppkC4dhNYm5Cr8n81xwjHJOZePnXlcIg==",
      "requires": {
        "bcrypto": "~5.1.0",
        "bfile": "~0.2.2",
        "bheep": "~0.1.5",
        "binet": "~0.3.5",
        "bs32": "~0.1.6",
        "bsert": "~0.0.10",
        "btcp": "~0.1.5",
        "budp": "~0.1.6",
        "bufio": "~1.0.6",
        "unbound": "~0.4.0"
      },
      "dependencies": {
        "bsert": {
          "version": "0.0.10",
          "resolved": "https://registry.npmjs.org/bsert/-/bsert-0.0.10.tgz",
          "integrity": "sha512-NHNwlac+WPy4t2LoNh8pXk8uaIGH3NSaIUbTTRXGpE2WEbq0te/tDykYHkFK57YKLPjv/aGHmbqvnGeVWDz57Q=="
        },
        "bufio": {
          "version": "1.0.6",
          "resolved": "https://registry.npmjs.org/bufio/-/bufio-1.0.6.tgz",
          "integrity": "sha512-mjYZFRHmI9bk3Oeexu0rWjHFY+w6hGLabdmwSFzq+EFr4MHHsNOYduDVdYl71NG5pTPL7GGzUCMk9cYuV34/Qw=="
        }
      }
    },
    "brq": {
      "version": "0.1.8",
      "resolved": "https://registry.npmjs.org/brq/-/brq-0.1.8.tgz",
      "integrity": "sha512-6SDY1lJMKXgt5TZ6voJQMH2zV1XPWWtm203PSkx3DSg9AYNYuRfOPFSBDkNemabzgpzFW9/neR4YhTvyJml8rQ==",
      "requires": {
        "bsert": "~0.0.10"
      },
      "dependencies": {
        "bsert": {
          "version": "0.0.10",
          "resolved": "https://registry.npmjs.org/bsert/-/bsert-0.0.10.tgz",
          "integrity": "sha512-NHNwlac+WPy4t2LoNh8pXk8uaIGH3NSaIUbTTRXGpE2WEbq0te/tDykYHkFK57YKLPjv/aGHmbqvnGeVWDz57Q=="
        }
      }
    },
    "bs32": {
      "version": "0.1.6",
      "resolved": "https://registry.npmjs.org/bs32/-/bs32-0.1.6.tgz",
      "integrity": "sha512-usjDesQqZ8ihHXOnOEQuAdymBHnJEfSd+aELFSg1jN/V3iAf12HrylHlRJwIt6DTMmXpBDQ+YBg3Q3DIYdhRgQ==",
      "requires": {
        "bsert": "~0.0.10"
      },
      "dependencies": {
        "bsert": {
          "version": "0.0.10",
          "resolved": "https://registry.npmjs.org/bsert/-/bsert-0.0.10.tgz",
          "integrity": "sha512-NHNwlac+WPy4t2LoNh8pXk8uaIGH3NSaIUbTTRXGpE2WEbq0te/tDykYHkFK57YKLPjv/aGHmbqvnGeVWDz57Q=="
        }
      }
    },
    "bsert": {
      "version": "git+https://github.com/chjj/bsert.git#bd09d49eab8644bca08ae8259a3d8756e7d453fc",
      "from": "git+https://github.com/chjj/bsert.git"
    },
    "bsock": {
      "version": "0.1.9",
      "resolved": "https://registry.npmjs.org/bsock/-/bsock-0.1.9.tgz",
      "integrity": "sha512-/l9Kg/c5o+n/0AqreMxh2jpzDMl1ikl4gUxT7RFNe3A3YRIyZkiREhwcjmqxiymJSRI/Qhew357xGn1SLw/xEw==",
      "requires": {
        "bsert": "~0.0.10"
      },
      "dependencies": {
        "bsert": {
          "version": "0.0.10",
          "resolved": "https://registry.npmjs.org/bsert/-/bsert-0.0.10.tgz",
          "integrity": "sha512-NHNwlac+WPy4t2LoNh8pXk8uaIGH3NSaIUbTTRXGpE2WEbq0te/tDykYHkFK57YKLPjv/aGHmbqvnGeVWDz57Q=="
        }
      }
    },
    "bsocks": {
      "version": "0.2.5",
      "resolved": "https://registry.npmjs.org/bsocks/-/bsocks-0.2.5.tgz",
      "integrity": "sha512-w1yG8JmfKPIaTDLuR9TIxJM2Ma6nAiInRpLNZ43g3qPnPHjawCC4SV6Bdy84bEJQX1zJWYTgdod/BnQlDhq4Gg==",
      "requires": {
        "binet": "~0.3.5",
        "bsert": "~0.0.10"
      },
      "dependencies": {
        "bsert": {
          "version": "0.0.10",
          "resolved": "https://registry.npmjs.org/bsert/-/bsert-0.0.10.tgz",
          "integrity": "sha512-NHNwlac+WPy4t2LoNh8pXk8uaIGH3NSaIUbTTRXGpE2WEbq0te/tDykYHkFK57YKLPjv/aGHmbqvnGeVWDz57Q=="
        }
      }
    },
    "btcp": {
      "version": "0.1.5",
      "resolved": "https://registry.npmjs.org/btcp/-/btcp-0.1.5.tgz",
      "integrity": "sha512-tkrtMDxeJorn5p0KxaLXELneT8AbfZMpOFeoKYZ5qCCMMSluNuwut7pGccLC5YOJqmuk0DR774vNVQLC9sNq/A=="
    },
    "budp": {
      "version": "0.1.6",
      "resolved": "https://registry.npmjs.org/budp/-/budp-0.1.6.tgz",
      "integrity": "sha512-o+a8NPq3DhV91j4nInjht2md6mbU1XL+7ciPltP66rw5uD3KP1m5r8lA94LZVaPKcFdJ0l2HVVzRNxnY26Pefg=="
    },
    "buffer-map": {
      "version": "0.0.7",
      "resolved": "https://registry.npmjs.org/buffer-map/-/buffer-map-0.0.7.tgz",
      "integrity": "sha512-95try3p/vMRkIAAnJDaGkFhGpT/65NoeW6XelEPjAomWYR58RQtW4khn0SwKj34kZoE7uxL7w2koZSwbnszvQQ=="
    },
    "bufio": {
      "version": "git+https://github.com/bcoin-org/bufio.git#0a97215dd42850957a5316b6d8565e30e5792e6b",
      "from": "git+https://github.com/bcoin-org/bufio.git"
    },
    "bupnp": {
      "version": "0.2.6",
      "resolved": "https://registry.npmjs.org/bupnp/-/bupnp-0.2.6.tgz",
      "integrity": "sha512-J6ykzJhZMxXKN78K+1NzFi3v/51X2Mvzp2hW42BWwmxIVfau6PaN99gyABZ8x05e8MObWbsAis23gShhj9qpbw==",
      "requires": {
        "binet": "~0.3.5",
        "brq": "~0.1.7",
        "bsert": "~0.0.10"
      },
      "dependencies": {
        "bsert": {
          "version": "0.0.10",
          "resolved": "https://registry.npmjs.org/bsert/-/bsert-0.0.10.tgz",
          "integrity": "sha512-NHNwlac+WPy4t2LoNh8pXk8uaIGH3NSaIUbTTRXGpE2WEbq0te/tDykYHkFK57YKLPjv/aGHmbqvnGeVWDz57Q=="
        }
      }
    },
    "bval": {
      "version": "0.1.6",
      "resolved": "https://registry.npmjs.org/bval/-/bval-0.1.6.tgz",
      "integrity": "sha512-jxNH9gSx7g749hQtS+nTxXYz/bLxwr4We1RHFkCYalNYcj12RfbW6qYWsKu0RYiKAdFcbNoZRHmWrIuXIyhiQQ==",
      "requires": {
        "bsert": "~0.0.10"
      },
      "dependencies": {
        "bsert": {
          "version": "0.0.10",
          "resolved": "https://registry.npmjs.org/bsert/-/bsert-0.0.10.tgz",
          "integrity": "sha512-NHNwlac+WPy4t2LoNh8pXk8uaIGH3NSaIUbTTRXGpE2WEbq0te/tDykYHkFK57YKLPjv/aGHmbqvnGeVWDz57Q=="
        }
      }
    },
    "bweb": {
      "version": "0.1.10",
      "resolved": "https://registry.npmjs.org/bweb/-/bweb-0.1.10.tgz",
      "integrity": "sha512-3Kkz/rfsyAWUS+8DV5XYhwcgVN4DfDewrP+iFTcpQfdZzcF6+OypAq7dHOtXV0sW7U/3msA/sEEqz0MHZ9ERWg==",
      "requires": {
        "bsert": "~0.0.10",
        "bsock": "~0.1.8"
      },
      "dependencies": {
        "bsert": {
          "version": "0.0.10",
          "resolved": "https://registry.npmjs.org/bsert/-/bsert-0.0.10.tgz",
          "integrity": "sha512-NHNwlac+WPy4t2LoNh8pXk8uaIGH3NSaIUbTTRXGpE2WEbq0te/tDykYHkFK57YKLPjv/aGHmbqvnGeVWDz57Q=="
        }
      }
    },
    "goosig": {
      "version": "0.7.0",
      "resolved": "https://registry.npmjs.org/goosig/-/goosig-0.7.0.tgz",
      "integrity": "sha512-FlTO9Ivch/uDFH8RSqEybb/vGt45BucaFZPpWuW7SZmfda8lw/s0zN296EJ8FmLyu8XP/T4KfGt4pzSIwgwNhg==",
      "requires": {
        "bcrypto": "~5.1.0",
        "bsert": "~0.0.10",
        "loady": "~0.0.1"
      },
      "dependencies": {
        "bsert": {
          "version": "0.0.10",
          "resolved": "https://registry.npmjs.org/bsert/-/bsert-0.0.10.tgz",
          "integrity": "sha512-NHNwlac+WPy4t2LoNh8pXk8uaIGH3NSaIUbTTRXGpE2WEbq0te/tDykYHkFK57YKLPjv/aGHmbqvnGeVWDz57Q=="
        }
      }
    },
    "hs-client": {
      "version": "git+https://github.com/handshake-org/hs-client.git#1de5165696d1c15db5a4f54dbcb52bd7d595244c",
      "from": "git+https://github.com/handshake-org/hs-client.git",
      "requires": {
        "bcfg": "~0.1.6",
        "bcurl": "~0.1.6",
        "bsert": "~0.0.10"
      }
    },
    "hsd": {
      "version": "git+https://github.com/tynes/hsd.git#ea202ee4a792cd0355e0969bd62800b50eb95552",
      "from": "git+https://github.com/tynes/hsd.git#remove-logs",
      "requires": {
        "bcfg": "~0.1.6",
        "bcrypto": "~5.1.0",
        "bdb": "~1.2.1",
        "bdns": "~0.1.5",
        "bevent": "~0.1.5",
        "bfile": "~0.2.2",
        "bfilter": "~1.0.5",
        "bheep": "~0.1.5",
        "binet": "~0.3.5",
        "blgr": "~0.1.7",
        "blru": "~0.1.6",
        "blst": "~0.1.5",
        "bmutex": "~0.1.6",
        "bns": "~0.11.0",
        "bsert": "~0.0.10",
        "bsock": "~0.1.9",
        "bsocks": "~0.2.5",
        "btcp": "~0.1.5",
        "buffer-map": "~0.0.7",
        "bufio": "~1.0.6",
        "bupnp": "~0.2.6",
        "bval": "~0.1.6",
        "bweb": "~0.1.10",
        "goosig": "~0.7.0",
        "hs-client": "~0.0.8",
        "n64": "~0.2.10",
        "urkel": "~0.6.3"
      },
      "dependencies": {
        "bsert": {
          "version": "0.0.10",
          "resolved": "https://registry.npmjs.org/bsert/-/bsert-0.0.10.tgz",
          "integrity": "sha512-NHNwlac+WPy4t2LoNh8pXk8uaIGH3NSaIUbTTRXGpE2WEbq0te/tDykYHkFK57YKLPjv/aGHmbqvnGeVWDz57Q=="
        },
        "bufio": {
          "version": "1.0.6",
          "resolved": "https://registry.npmjs.org/bufio/-/bufio-1.0.6.tgz",
          "integrity": "sha512-mjYZFRHmI9bk3Oeexu0rWjHFY+w6hGLabdmwSFzq+EFr4MHHsNOYduDVdYl71NG5pTPL7GGzUCMk9cYuV34/Qw=="
        }
      }
    },
    "loady": {
      "version": "0.0.1",
      "resolved": "https://registry.npmjs.org/loady/-/loady-0.0.1.tgz",
      "integrity": "sha512-PW5Z13Jd0v6ZcA1P6ZVUc3EV8BJwQuAiwUvvT6VQGHoaZ1d/tu7r1QZctuKfQqwy9SFBWeAGfcIdLxhp7ZW3Rw=="
    },
    "mrmr": {
      "version": "0.1.9",
      "resolved": "https://registry.npmjs.org/mrmr/-/mrmr-0.1.9.tgz",
      "integrity": "sha512-t3nbygZEPN0vkoW+985GAVw/OOQODmAwPwCfaQUCQbTaZG40s7wmFaC8AKu4oL0g7hF4xcstwkvzW6bu4QxRSg==",
      "requires": {
        "bsert": "~0.0.10",
        "loady": "~0.0.1"
      },
      "dependencies": {
        "bsert": {
          "version": "0.0.10",
          "resolved": "https://registry.npmjs.org/bsert/-/bsert-0.0.10.tgz",
          "integrity": "sha512-NHNwlac+WPy4t2LoNh8pXk8uaIGH3NSaIUbTTRXGpE2WEbq0te/tDykYHkFK57YKLPjv/aGHmbqvnGeVWDz57Q=="
        }
      }
    },
    "n64": {
      "version": "0.2.10",
      "resolved": "https://registry.npmjs.org/n64/-/n64-0.2.10.tgz",
      "integrity": "sha512-uH9geV4+roR1tohsrrqSOLCJ9Mh1iFcDI+9vUuydDlDxUS1UCAWUfuGb06p3dj3flzywquJNrGsQ7lHP8+4RVQ=="
    },
    "unbound": {
      "version": "0.4.0",
      "resolved": "https://registry.npmjs.org/unbound/-/unbound-0.4.0.tgz",
      "integrity": "sha512-GM41lYD6VkvxTE9aMHSsHv7KB4OXFgKKOQzOiIkbPYTxe/h8FEdotw3kvDWeEsj9B0AMGRqHsz6F01c4iwuZvw==",
      "optional": true,
      "requires": {
        "loady": "~0.0.1"
      }
    },
    "urkel": {
      "version": "0.6.3",
      "resolved": "https://registry.npmjs.org/urkel/-/urkel-0.6.3.tgz",
      "integrity": "sha512-aY/u3cpCRRwa3XjUGG8DcLcQJSNmQ0+qXDeT0igDytKhrK+yiusZ7mYdPRzmtbQ2CPozHhwsmVxCVBkPBp9jDQ==",
      "requires": {
        "bfile": "~0.2.1",
        "bmutex": "~0.1.6",
        "bsert": "~0.0.10"
      },
      "dependencies": {
        "bsert": {
          "version": "0.0.10",
          "resolved": "https://registry.npmjs.org/bsert/-/bsert-0.0.10.tgz",
          "integrity": "sha512-NHNwlac+WPy4t2LoNh8pXk8uaIGH3NSaIUbTTRXGpE2WEbq0te/tDykYHkFK57YKLPjv/aGHmbqvnGeVWDz57Q=="
        }
      }
    }
  }
}
